
Microsoft Visual Studio Solution File, Format Version 12.00
# Visual Studio Version 17
VisualStudioVersion = 17.7.34003.232
MinimumVisualStudioVersion = 10.0.40219.1
Project("{FAE04EC0-301F-11D3-BF4B-00C04F79EFBC}") = "Sales1.Shared", "Sales1.Shared\Sales1.Shared.csproj", "{2C13CA2F-9D66-422D-A67B-18BCFE23B36D}"
EndProject
Project("{FAE04EC0-301F-11D3-BF4B-00C04F79EFBC}") = "Sales1.Backend", "Sales1.Backend\Sales1.Backend.csproj", "{977D4A59-E898-4906-8111-E29C56730FD1}"
EndProject
Project("{FAE04EC0-301F-11D3-BF4B-00C04F79EFBC}") = "Sales1.Frontend", "Sales1.Frontend\Sales1.Frontend.csproj", "{BEC8327B-E311-45F6-8202-75115D7EEABC}"
EndProject
Global
	GlobalSection(SolutionConfigurationPlatforms) = preSolution
		Debug|Any CPU = Debug|Any CPU
		Release|Any CPU = Release|Any CPU
	EndGlobalSection
	GlobalSection(ProjectConfigurationPlatforms) = postSolution
		{2C13CA2F-9D66-422D-A67B-18BCFE23B36D}.Debug|Any CPU.ActiveCfg = Debug|Any CPU
		{2C13CA2F-9D66-422D-A67B-18BCFE23B36D}.Debug|Any CPU.Build.0 = Debug|Any CPU
		{2C13CA2F-9D66-422D-A67B-18BCFE23B36D}.Release|Any CPU.ActiveCfg = Release|Any CPU
		{2C13CA2F-9D66-422D-A67B-18BCFE23B36D}.Release|Any CPU.Build.0 = Release|Any CPU
		{977D4A59-E898-4906-8111-E29C56730FD1}.Debug|Any CPU.ActiveCfg = Debug|Any CPU
		{977D4A59-E898-4906-8111-E29C56730FD1}.Debug|Any CPU.Build.0 = Debug|Any CPU
		{977D4A59-E898-4906-8111-E29C56730FD1}.Release|Any CPU.ActiveCfg = Release|Any CPU
		{977D4A59-E898-4906-8111-E29C56730FD1}.Release|Any CPU.Build.0 = Release|Any CPU
		{BEC8327B-E311-45F6-8202-75115D7EEABC}.Debug|Any CPU.ActiveCfg = Debug|Any CPU
		{BEC8327B-E311-45F6-8202-75115D7EEABC}.Debug|Any CPU.Build.0 = Debug|Any CPU
		{BEC8327B-E311-45F6-8202-75115D7EEABC}.Release|Any CPU.ActiveCfg = Release|Any CPU
		{BEC8327B-E311-45F6-8202-75115D7EEABC}.Release|Any CPU.Build.0 = Release|Any CPU
	EndGlobalSection
	GlobalSection(SolutionProperties) = preSolution
		HideSolutionNode = FALSE
	EndGlobalSection
	GlobalSection(ExtensibilityGlobals) = postSolution
		SolutionGuid = {EE9AB3D7-1884-46D1-9572-4540330A5400}
	EndGlobalSection
EndGlobal
